
Microsoft Visual Studio Solution File, Format Version 12.00
# Visual Studio Version 17
VisualStudioVersion = 17.9.34622.214
MinimumVisualStudioVersion = 10.0.40219.1
Project("{FAE04EC0-301F-11D3-BF4B-00C04F79EFBC}") = "DemoGitPractice", "DemoGitPractice\DemoGitPractice.csproj", "{7541F121-F743-4082-96F8-25FD746EBB73}"
EndProject
Global
	GlobalSection(SolutionConfigurationPlatforms) = preSolution
		Debug|Any CPU = Debug|Any CPU
		Release|Any CPU = Release|Any CPU
	EndGlobalSection
	GlobalSection(ProjectConfigurationPlatforms) = postSolution
		{7541F121-F743-4082-96F8-25FD746EBB73}.Debug|Any CPU.ActiveCfg = Debug|Any CPU
		{7541F121-F743-4082-96F8-25FD746EBB73}.Debug|Any CPU.Build.0 = Debug|Any CPU
		{7541F121-F743-4082-96F8-25FD746EBB73}.Release|Any CPU.ActiveCfg = Release|Any CPU
		{7541F121-F743-4082-96F8-25FD746EBB73}.Release|Any CPU.Build.0 = Release|Any CPU
	EndGlobalSection
	GlobalSection(SolutionProperties) = preSolution
		HideSolutionNode = FALSE
	EndGlobalSection
	GlobalSection(ExtensibilityGlobals) = postSolution
		SolutionGuid = {C57344E0-DF67-44A7-9180-7D444E037E86}
	EndGlobalSection
EndGlobal
